
Microsoft Visual Studio Solution File, Format Version 12.00
# Visual Studio Version 16
VisualStudioVersion = 16.0.31515.178
MinimumVisualStudioVersion = 10.0.40219.1
Project("{FAE04EC0-301F-11D3-BF4B-00C04F79EFBC}") = "_10exercResolvido", "_10exercResolvido\_10exercResolvido.csproj", "{F75F811C-637C-49F8-9AD4-F0306DE02562}"
EndProject
Global
	GlobalSection(SolutionConfigurationPlatforms) = preSolution
		Debug|Any CPU = Debug|Any CPU
		Release|Any CPU = Release|Any CPU
	EndGlobalSection
	GlobalSection(ProjectConfigurationPlatforms) = postSolution
		{F75F811C-637C-49F8-9AD4-F0306DE02562}.Debug|Any CPU.ActiveCfg = Debug|Any CPU
		{F75F811C-637C-49F8-9AD4-F0306DE02562}.Debug|Any CPU.Build.0 = Debug|Any CPU
		{F75F811C-637C-49F8-9AD4-F0306DE02562}.Release|Any CPU.ActiveCfg = Release|Any CPU
		{F75F811C-637C-49F8-9AD4-F0306DE02562}.Release|Any CPU.Build.0 = Release|Any CPU
	EndGlobalSection
	GlobalSection(SolutionProperties) = preSolution
		HideSolutionNode = FALSE
	EndGlobalSection
	GlobalSection(ExtensibilityGlobals) = postSolution
		SolutionGuid = {51B06525-C066-4DE7-82DB-DB7E8BB75671}
	EndGlobalSection
EndGlobal
